# THIS IS AN AUTOGENERATED FILE. DO NOT EDIT THIS FILE DIRECTLY.
# yarn lockfile v1


"@types/abstract-leveldown@*":
  version "5.0.1"
  resolved "https://registry.npm.taobao.org/@types/abstract-leveldown/download/@types/abstract-leveldown-5.0.1.tgz#3c7750d0186b954c7f2d2f6acc8c3c7ba0c3412e"
  integrity sha1-PHdQ0BhrlUx/LS9qzIw8e6DDQS4=

"@types/leveldown@^4.0.0":
  version "4.0.0"
  resolved "https://registry.npm.taobao.org/@types/leveldown/download/@types/leveldown-4.0.0.tgz#3725cd6593f723435c5d72215369ef969a2fcce5"
  integrity sha1-NyXNZZP3I0NcXXIhU2nvlpovzOU=
  dependencies:
    "@types/abstract-leveldown" "*"
    "@types/node" "*"

"@types/node@*":
  version "12.6.2"
  resolved "https://registry.npm.taobao.org/@types/node/download/@types/node-12.6.2.tgz?cache=0&sync_timestamp=1562743044136&other_urls=https%3A%2F%2Fregistry.npm.taobao.org%2F%40types%2Fnode%2Fdownload%2F%40types%2Fnode-12.6.2.tgz#a5ccec6abb6060d5f20d256fb03ed743e9774999"
  integrity sha1-pczsartgYNXyDSVvsD7XQ+l3SZk=

abstract-leveldown@~6.0.3:
  version "6.0.3"
  resolved "https://registry.npm.taobao.org/abstract-leveldown/download/abstract-leveldown-6.0.3.tgz#b4b6159343c74b0c5197b2817854782d8f748c4a"
  integrity sha1-tLYVk0PHSwxRl7KBeFR4LY90jEo=
  dependencies:
    level-concat-iterator "~2.0.0"
    xtend "~4.0.0"

level-concat-iterator@~2.0.0:
  version "2.0.1"
  resolved "https://registry.npm.taobao.org/level-concat-iterator/download/level-concat-iterator-2.0.1.tgz#1d1009cf108340252cb38c51f9727311193e6263"
  integrity sha1-HRAJzxCDQCUss4xR+XJzERk+YmM=

leveldown@^5.1.1:
  version "5.1.1"
  resolved "https://registry.npm.taobao.org/leveldown/download/leveldown-5.1.1.tgz#5d3a043f0ec76e91e189117ec3627bef0436c0dc"
  integrity sha1-XToEPw7HbpHhiRF+w2J77wQ2wNw=
  dependencies:
    abstract-leveldown "~6.0.3"
    napi-macros "~1.8.1"
    node-gyp-build "~4.1.0"

napi-macros@~1.8.1:
  version "1.8.2"
  resolved "https://registry.npm.taobao.org/napi-macros/download/napi-macros-1.8.2.tgz#299265c1d8aa401351ad0675107d751228c03eda"
  integrity sha1-KZJlwdiqQBNRrQZ1EH11EijAPto=

node-gyp-build@~4.1.0:
  version "4.1.0"
  resolved "https://registry.npm.taobao.org/node-gyp-build/download/node-gyp-build-4.1.0.tgz#3bc3dd7dd4aafecaf64a2e3729e785bc3cdea565"
  integrity sha1-O8PdfdSq/sr2Si43KeeFvDzepWU=

xtend@~4.0.0:
  version "4.0.2"
  resolved "https://registry.npm.taobao.org/xtend/download/xtend-4.0.2.tgz#bb72779f5fa465186b1f438f674fa347fdb5db54"
  integrity sha1-u3J3n1+kZRhrH0OPZ0+jR/2121Q=
